<?xml version="1.0" encoding="UTF-8" standalone="yes" ?>
<CodeBlocks_project_file>
	<FileVersion major="1" minor="6" />
	<Project>
		<Option title="ListaSimple" />
		<Option pch_mode="2" />
		<Option compiler="gcc" />
		<Build>
			<Target title="Linux">
				<Option output="../../libs/Linux/ListaSimple" prefix_auto="1" extension_auto="1" />
				<Option working_dir="" />
				<Option object_output="obj/Debug/" />
				<Option type="2" />
				<Option compiler="gcc" />
				<Option createDefFile="1" />
				<Compiler>
					<Add option="-Wall" />
					<Add option="-g" />
					<Add directory="../../includes" />
				</Compiler>
				<ResourceCompiler>
					<Add directory="../../includes" />
				</ResourceCompiler>
				<Linker>
					<Add directory="../../libs" />
				</Linker>
			</Target>
			<Target title="TestLinux">
				<Option output="bin/Test/Linux/ListaSimple" prefix_auto="1" extension_auto="1" />
				<Option type="1" />
				<Option compiler="gcc" />
				<Compiler>
					<Add option="-g" />
					<Add directory="../../includes" />
				</Compiler>
				<ResourceCompiler>
					<Add directory="../../includes" />
				</ResourceCompiler>
				<Linker>
					<Add option="-lListaSimple" />
					<Add directory="../../libs" />
				</Linker>
			</Target>
			<Target title="Windows">
				<Option output="../../libs/Windows/ListaSimple" prefix_auto="1" extension_auto="1" />
				<Option working_dir="" />
				<Option object_output="obj/Debug/" />
				<Option type="2" />
				<Option compiler="mingw-w64_windows_cross-compiler" />
				<Option createDefFile="1" />
				<Compiler>
					<Add option="-w" />
					<Add option="-Wextra" />
					<Add option="-g" />
					<Add option="-nostdinc -I/usr/x86_64-w64-mingw32/include -I/usr/lib/gcc/x86_64-w64-mingw32/16.1.0/include" />
					<Add directory="../../includes" />
				</Compiler>
				<ResourceCompiler>
					<Add directory="../../includes" />
				</ResourceCompiler>
			</Target>
			<Target title="TestWindows">
				<Option output="bin/Test/Windows/ListaSimple" prefix_auto="1" extension_auto="1" />
				<Option type="1" />
				<Option compiler="gcc" />
				<Compiler>
					<Add option="-g" />
					<Add option="-nostdinc -I/usr/x86_64-w64-mingw32/include -I/usr/lib/gcc/x86_64-w64-mingw32/16.1.0/include" />
					<Add directory="../../includes" />
				</Compiler>
				<ResourceCompiler>
					<Add directory="../../includes" />
				</ResourceCompiler>
				<Linker>
					<Add option="-lListaSimple" />
					<Add directory="../../libs" />
				</Linker>
			</Target>
		</Build>
		<VirtualTargets>
			<Add alias="WyL" targets="Linux;Windows;" />
		</VirtualTargets>
		<Unit filename="Test/test.c">
			<Option compilerVar="CC" />
			<Option target="TestLinux" />
			<Option target="TestWindows" />
		</Unit>
		<Unit filename="main.c">
			<Option compilerVar="CC" />
			<Option target="Linux" />
			<Option target="Windows" />
		</Unit>
		<Extensions />
	</Project>
</CodeBlocks_project_file>
